
Microsoft Visual Studio Solution File, Format Version 12.00
# Visual Studio Version 16
VisualStudioVersion = 16.0.30804.86
MinimumVisualStudioVersion = 10.0.40219.1
Project("{FAE04EC0-301F-11D3-BF4B-00C04F79EFBC}") = "TutorialMVC", "TutorialMVC\TutorialMVC.csproj", "{A865E567-DDAB-4446-B31F-EBBF2042D274}"
EndProject
Global
	GlobalSection(SolutionConfigurationPlatforms) = preSolution
		Debug|Any CPU = Debug|Any CPU
		Release|Any CPU = Release|Any CPU
	EndGlobalSection
	GlobalSection(ProjectConfigurationPlatforms) = postSolution
		{A865E567-DDAB-4446-B31F-EBBF2042D274}.Debug|Any CPU.ActiveCfg = Debug|Any CPU
		{A865E567-DDAB-4446-B31F-EBBF2042D274}.Debug|Any CPU.Build.0 = Debug|Any CPU
		{A865E567-DDAB-4446-B31F-EBBF2042D274}.Release|Any CPU.ActiveCfg = Release|Any CPU
		{A865E567-DDAB-4446-B31F-EBBF2042D274}.Release|Any CPU.Build.0 = Release|Any CPU
	EndGlobalSection
	GlobalSection(SolutionProperties) = preSolution
		HideSolutionNode = FALSE
	EndGlobalSection
	GlobalSection(ExtensibilityGlobals) = postSolution
		SolutionGuid = {1C012E09-0425-468A-9E09-08E3F3B88D05}
	EndGlobalSection
EndGlobal
